// !$*UTF8*$!
{
	archiveVersion = 1;
	classes = {
	};
	objectVersion = 46;
	objects = {

/* Begin PBXBuildFile section */
		C618FFAB1A43989E00A66EE6 /* BandPassFilter.cpp in Sources */ = {isa = PBXBuildFile; fileRef = C618FFA91A43989E00A66EE6 /* BandPassFilter.cpp */; };
		C61BC59B1BCF95DA007AA330 /* bits.c in Sources */ = {isa = PBXBuildFile; fileRef = C61BC4921BCF95DA007AA330 /* bits.c */; };
		C61BC59E1BCF95DA007AA330 /* cfft.c in Sources */ = {isa = PBXBuildFile; fileRef = C61BC4961BCF95DA007AA330 /* cfft.c */; };
		C61BC5A11BCF95DA007AA330 /* common.c in Sources */ = {isa = PBXBuildFile; fileRef = C61BC4A91BCF95DA007AA330 /* common.c */; };
		C61BC5A41BCF95DA007AA330 /* decoder.c in Sources */ = {isa = PBXBuildFile; fileRef = C61BC4AD1BCF95DA007AA330 /* decoder.c */; };
		C61BC5A71BCF95DA007AA330 /* drc.c in Sources */ = {isa = PBXBuildFile; fileRef = C61BC4B01BCF95DA007AA330 /* drc.c */; };
		C61BC5AA1BCF95DA007AA330 /* drm_dec.c in Sources */ = {isa = PBXBuildFile; fileRef = C61BC4B41BCF95DA007AA330 /* drm_dec.c */; };
		C61BC5AD1BCF95DA007AA330 /* error.c in Sources */ = {isa = PBXBuildFile; fileRef = C61BC4B81BCF95DA007AA330 /* error.c */; };
		C61BC5B01BCF95DA007AA330 /* filtbank.c in Sources */ = {isa = PBXBuildFile; fileRef = C61BC4BC1BCF95DA007AA330 /* filtbank.c */; };
		C61BC5B31BCF95DA007AA330 /* hcr.c in Sources */ = {isa = PBXBuildFile; fileRef = C61BC4C11BCF95DA007AA330 /* hcr.c */; };
		C61BC5B61BCF95DA007AA330 /* huffman.c in Sources */ = {isa = PBXBuildFile; fileRef = C61BC4C41BCF95DA007AA330 /* huffman.c */; };
		C61BC5B91BCF95DA007AA330 /* ic_predict.c in Sources */ = {isa = PBXBuildFile; fileRef = C61BC4C81BCF95DA007AA330 /* ic_predict.c */; };
		C61BC5BC1BCF95DA007AA330 /* is.c in Sources */ = {isa = PBXBuildFile; fileRef = C61BC4CD1BCF95DA007AA330 /* is.c */; };
		C61BC5C51BCF95DB007AA330 /* lt_predict.c in Sources */ = {isa = PBXBuildFile; fileRef = C61BC4D81BCF95DA007AA330 /* lt_predict.c */; };
		C61BC5CB1BCF95DB007AA330 /* mdct.c in Sources */ = {isa = PBXBuildFile; fileRef = C61BC4DF1BCF95DA007AA330 /* mdct.c */; };
		C61BC5CE1BCF95DB007AA330 /* mp4.c in Sources */ = {isa = PBXBuildFile; fileRef = C61BC4E41BCF95DA007AA330 /* mp4.c */; };
		C61BC5D11BCF95DB007AA330 /* ms.c in Sources */ = {isa = PBXBuildFile; fileRef = C61BC4E81BCF95DA007AA330 /* ms.c */; };
		C61BC5D41BCF95DB007AA330 /* output.c in Sources */ = {isa = PBXBuildFile; fileRef = C61BC4EC1BCF95DA007AA330 /* output.c */; };
		C61BC5D71BCF95DB007AA330 /* pns.c in Sources */ = {isa = PBXBuildFile; fileRef = C61BC4F01BCF95DA007AA330 /* pns.c */; };
		C61BC5DA1BCF95DB007AA330 /* ps_dec.c in Sources */ = {isa = PBXBuildFile; fileRef = C61BC4F41BCF95DA007AA330 /* ps_dec.c */; };
		C61BC5DD1BCF95DB007AA330 /* ps_syntax.c in Sources */ = {isa = PBXBuildFile; fileRef = C61BC4F81BCF95DA007AA330 /* ps_syntax.c */; };
		C61BC5E01BCF95DB007AA330 /* pulse.c in Sources */ = {isa = PBXBuildFile; fileRef = C61BC4FC1BCF95DA007AA330 /* pulse.c */; };
		C61BC5E31BCF95DB007AA330 /* rvlc.c in Sources */ = {isa = PBXBuildFile; fileRef = C61BC5001BCF95DA007AA330 /* rvlc.c */; };
		C61BC5E61BCF95DB007AA330 /* sbr_dct.c in Sources */ = {isa = PBXBuildFile; fileRef = C61BC5041BCF95DA007AA330 /* sbr_dct.c */; };
		C61BC5E91BCF95DB007AA330 /* sbr_dec.c in Sources */ = {isa = PBXBuildFile; fileRef = C61BC5081BCF95DA007AA330 /* sbr_dec.c */; };
		C61BC5EC1BCF95DB007AA330 /* sbr_e_nf.c in Sources */ = {isa = PBXBuildFile; fileRef = C61BC50C1BCF95DA007AA330 /* sbr_e_nf.c */; };
		C61BC5EF1BCF95DB007AA330 /* sbr_fbt.c in Sources */ = {isa = PBXBuildFile; fileRef = C61BC5101BCF95DA007AA330 /* sbr_fbt.c */; };
		C61BC5F21BCF95DB007AA330 /* sbr_hfadj.c in Sources */ = {isa = PBXBuildFile; fileRef = C61BC5141BCF95DA007AA330 /* sbr_hfadj.c */; };
		C61BC5F51BCF95DB007AA330 /* sbr_hfgen.c in Sources */ = {isa = PBXBuildFile; fileRef = C61BC5181BCF95DA007AA330 /* sbr_hfgen.c */; };
		C61BC5F81BCF95DB007AA330 /* sbr_huff.c in Sources */ = {isa = PBXBuildFile; fileRef = C61BC51C1BCF95DA007AA330 /* sbr_huff.c */; };
		C61BC5FB1BCF95DB007AA330 /* sbr_qmf.c in Sources */ = {isa = PBXBuildFile; fileRef = C61BC5211BCF95DA007AA330 /* sbr_qmf.c */; };
		C61BC5FE1BCF95DB007AA330 /* sbr_syntax.c in Sources */ = {isa = PBXBuildFile; fileRef = C61BC5261BCF95DA007AA330 /* sbr_syntax.c */; };
		C61BC6011BCF95DB007AA330 /* sbr_tf_grid.c in Sources */ = {isa = PBXBuildFile; fileRef = C61BC52A1BCF95DA007AA330 /* sbr_tf_grid.c */; };
		C61BC6041BCF95DB007AA330 /* specrec.c in Sources */ = {isa = PBXBuildFile; fileRef = C61BC52F1BCF95DA007AA330 /* specrec.c */; };
		C61BC6071BCF95DB007AA330 /* ssr.c in Sources */ = {isa = PBXBuildFile; fileRef = C61BC5331BCF95DA007AA330 /* ssr.c */; };
		C61BC60A1BCF95DB007AA330 /* ssr_fb.c in Sources */ = {isa = PBXBuildFile; fileRef = C61BC5371BCF95DA007AA330 /* ssr_fb.c */; };
		C61BC60D1BCF95DB007AA330 /* ssr_ipqf.c in Sources */ = {isa = PBXBuildFile; fileRef = C61BC53B1BCF95DA007AA330 /* ssr_ipqf.c */; };
		C61BC6101BCF95DB007AA330 /* syntax.c in Sources */ = {isa = PBXBuildFile; fileRef = C61BC5411BCF95DA007AA330 /* syntax.c */; };
		C61BC6131BCF95DB007AA330 /* tns.c in Sources */ = {isa = PBXBuildFile; fileRef = C61BC5451BCF95DA007AA330 /* tns.c */; };
		C61BC6181BD0F4B6007AA330 /* libmp4ff.a in Frameworks */ = {isa = PBXBuildFile; fileRef = C61BC6171BD0F4B6007AA330 /* libmp4ff.a */; };
		C61BC6231BD0F921007AA330 /* mp4atom.c in Sources */ = {isa = PBXBuildFile; fileRef = C61BC61A1BD0F921007AA330 /* mp4atom.c */; };
		C61BC6241BD0F921007AA330 /* mp4ff.c in Sources */ = {isa = PBXBuildFile; fileRef = C61BC61B1BD0F921007AA330 /* mp4ff.c */; };
		C61BC6251BD0F921007AA330 /* mp4ff.vcproj in Resources */ = {isa = PBXBuildFile; fileRef = C61BC61D1BD0F921007AA330 /* mp4ff.vcproj */; };
		C61BC6261BD0F921007AA330 /* mp4meta.c in Sources */ = {isa = PBXBuildFile; fileRef = C61BC61F1BD0F921007AA330 /* mp4meta.c */; };
		C61BC6271BD0F921007AA330 /* mp4sample.c in Sources */ = {isa = PBXBuildFile; fileRef = C61BC6201BD0F921007AA330 /* mp4sample.c */; };
		C61BC6281BD0F921007AA330 /* mp4tagupdate.c in Sources */ = {isa = PBXBuildFile; fileRef = C61BC6211BD0F921007AA330 /* mp4tagupdate.c */; };
		C61BC6291BD0F921007AA330 /* mp4util.c in Sources */ = {isa = PBXBuildFile; fileRef = C61BC6221BD0F921007AA330 /* mp4util.c */; };
		C61C5F091BCF35CF008BE1F8 /* Decoder.cpp in Sources */ = {isa = PBXBuildFile; fileRef = C61C5F071BCF35CF008BE1F8 /* Decoder.cpp */; };
		C6200C7D1A4FF99400FB48AD /* Semaphore.cpp in Sources */ = {isa = PBXBuildFile; fileRef = C6200C7B1A4FF99400FB48AD /* Semaphore.cpp */; };
		C6200C811A501C8300FB48AD /* GPIO.cpp in Sources */ = {isa = PBXBuildFile; fileRef = C6200C7F1A50162F00FB48AD /* GPIO.cpp */; };
		C69796481B804A430024511B /* RadioDBUS.cpp in Sources */ = {isa = PBXBuildFile; fileRef = C69796461B804A430024511B /* RadioDBUS.cpp */; };
		C6B5DFA91A31A89A00A3A9ED /* AppDelegate.mm in Sources */ = {isa = PBXBuildFile; fileRef = C6B5DFA81A31A89A00A3A9ED /* AppDelegate.mm */; };
		C6B5DFAB1A31A89A00A3A9ED /* main.m in Sources */ = {isa = PBXBuildFile; fileRef = C6B5DFAA1A31A89A00A3A9ED /* main.m */; };
		C6B5DFAE1A31A89A00A3A9ED /* ViewController.mm in Sources */ = {isa = PBXBuildFile; fileRef = C6B5DFAD1A31A89A00A3A9ED /* ViewController.mm */; };
		C6B5DFB01A31A89A00A3A9ED /* Images.xcassets in Resources */ = {isa = PBXBuildFile; fileRef = C6B5DFAF1A31A89A00A3A9ED /* Images.xcassets */; };
		C6B5DFB31A31A89A00A3A9ED /* Main.storyboard in Resources */ = {isa = PBXBuildFile; fileRef = C6B5DFB11A31A89A00A3A9ED /* Main.storyboard */; };
		C6B5DFBF1A31A89A00A3A9ED /* PodtiqueTests.m in Sources */ = {isa = PBXBuildFile; fileRef = C6B5DFBE1A31A89A00A3A9ED /* PodtiqueTests.m */; };
		C6B5DFD91A31A8D500A3A9ED /* MP3Decoder.cpp in Sources */ = {isa = PBXBuildFile; fileRef = C6B5DFCC1A31A8D500A3A9ED /* MP3Decoder.cpp */; };
		C6B5DFDA1A31A8D500A3A9ED /* Radio.cpp in Sources */ = {isa = PBXBuildFile; fileRef = C6B5DFCF1A31A8D500A3A9ED /* Radio.cpp */; };
		C6B5DFDD1A31A8D500A3A9ED /* SoundPlayer.cpp in Sources */ = {isa = PBXBuildFile; fileRef = C6B5DFD41A31A8D500A3A9ED /* SoundPlayer.cpp */; };
		C6B5DFDF1A31A95000A3A9ED /* libmpg123.0.dylib in Frameworks */ = {isa = PBXBuildFile; fileRef = C6B5DFDE1A31A95000A3A9ED /* libmpg123.0.dylib */; };
		C6B5DFE11A31A95A00A3A9ED /* libao.4.dylib in Frameworks */ = {isa = PBXBuildFile; fileRef = C6B5DFE01A31A95A00A3A9ED /* libao.4.dylib */; };
		C6B5DFE91A33B0EC00A3A9ED /* Spectrum.cpp in Sources */ = {isa = PBXBuildFile; fileRef = C6B5DFE71A33B0EC00A3A9ED /* Spectrum.cpp */; };
		C6B5DFEC1A34E9AF00A3A9ED /* AudioDevice.cpp in Sources */ = {isa = PBXBuildFile; fileRef = C6B5DFEA1A34E9AF00A3A9ED /* AudioDevice.cpp */; };
		C6B5DFF01A35AD8200A3A9ED /* SndFile.cpp in Sources */ = {isa = PBXBuildFile; fileRef = C6B5DFEE1A35AD8200A3A9ED /* SndFile.cpp */; };
		C6B5DFF21A35B49700A3A9ED /* libsndfile.1.dylib in Frameworks */ = {isa = PBXBuildFile; fileRef = C6B5DFF11A35B49700A3A9ED /* libsndfile.1.dylib */; };
		C6EDA8AD1CB1C5810051623C /* AACDecoder.cpp in Sources */ = {isa = PBXBuildFile; fileRef = C6EDA8AB1CB1C5810051623C /* AACDecoder.cpp */; };
		C6F066751AAFE1D400EDC3E9 /* libdbus-1.3.dylib in Frameworks */ = {isa = PBXBuildFile; fileRef = C6F066741AAFE1D400EDC3E9 /* libdbus-1.3.dylib */; };
		C6F066781AAFF00C00EDC3E9 /* DBUS.cpp in Sources */ = {isa = PBXBuildFile; fileRef = C6F066761AAFF00C00EDC3E9 /* DBUS.cpp */; };
		C6F0667B1AB03E5000EDC3E9 /* DBusMessage.cpp in Sources */ = {isa = PBXBuildFile; fileRef = C6F066791AB03E5000EDC3E9 /* DBusMessage.cpp */; };
/* End PBXBuildFile section */

/* Begin PBXContainerItemProxy section */
		C6B5DFB91A31A89A00A3A9ED /* PBXContainerItemProxy */ = {
			isa = PBXContainerItemProxy;
			containerPortal = C6B5DF9A1A31A89A00A3A9ED /* Project object */;
			proxyType = 1;
			remoteGlobalIDString = C6B5DFA11A31A89A00A3A9ED;
			remoteInfo = Podtique;
		};
/* End PBXContainerItemProxy section */

/* Begin PBXFileReference section */
		C618FFA91A43989E00A66EE6 /* BandPassFilter.cpp */ = {isa = PBXFileReference; fileEncoding = 4; lastKnownFileType = sourcecode.cpp.cpp; path = BandPassFilter.cpp; sourceTree = "<group>"; };
		C618FFAA1A43989E00A66EE6 /* BandPassFilter.h */ = {isa = PBXFileReference; fileEncoding = 4; lastKnownFileType = sourcecode.c.h; path = BandPassFilter.h; sourceTree = "<group>"; };
		C61BC4911BCF95DA007AA330 /* analysis.h */ = {isa = PBXFileReference; fileEncoding = 4; lastKnownFileType = sourcecode.c.h; path = analysis.h; sourceTree = "<group>"; };
		C61BC4921BCF95DA007AA330 /* bits.c */ = {isa = PBXFileReference; fileEncoding = 4; lastKnownFileType = sourcecode.c.c; path = bits.c; sourceTree = "<group>"; };
		C61BC4931BCF95DA007AA330 /* bits.h */ = {isa = PBXFileReference; fileEncoding = 4; lastKnownFileType = sourcecode.c.h; path = bits.h; sourceTree = "<group>"; };
		C61BC4961BCF95DA007AA330 /* cfft.c */ = {isa = PBXFileReference; fileEncoding = 4; lastKnownFileType = sourcecode.c.c; path = cfft.c; sourceTree = "<group>"; };
		C61BC4971BCF95DA007AA330 /* cfft.h */ = {isa = PBXFileReference; fileEncoding = 4; lastKnownFileType = sourcecode.c.h; path = cfft.h; sourceTree = "<group>"; };
		C61BC49A1BCF95DA007AA330 /* cfft_tab.h */ = {isa = PBXFileReference; fileEncoding = 4; lastKnownFileType = sourcecode.c.h; path = cfft_tab.h; sourceTree = "<group>"; };
		C61BC49C1BCF95DA007AA330 /* hcb.h */ = {isa = PBXFileReference; fileEncoding = 4; lastKnownFileType = sourcecode.c.h; path = hcb.h; sourceTree = "<group>"; };
		C61BC49D1BCF95DA007AA330 /* hcb_1.h */ = {isa = PBXFileReference; fileEncoding = 4; lastKnownFileType = sourcecode.c.h; path = hcb_1.h; sourceTree = "<group>"; };
		C61BC49E1BCF95DA007AA330 /* hcb_10.h */ = {isa = PBXFileReference; fileEncoding = 4; lastKnownFileType = sourcecode.c.h; path = hcb_10.h; sourceTree = "<group>"; };
		C61BC49F1BCF95DA007AA330 /* hcb_11.h */ = {isa = PBXFileReference; fileEncoding = 4; lastKnownFileType = sourcecode.c.h; path = hcb_11.h; sourceTree = "<group>"; };
		C61BC4A01BCF95DA007AA330 /* hcb_2.h */ = {isa = PBXFileReference; fileEncoding = 4; lastKnownFileType = sourcecode.c.h; path = hcb_2.h; sourceTree = "<group>"; };
		C61BC4A11BCF95DA007AA330 /* hcb_3.h */ = {isa = PBXFileReference; fileEncoding = 4; lastKnownFileType = sourcecode.c.h; path = hcb_3.h; sourceTree = "<group>"; };
		C61BC4A21BCF95DA007AA330 /* hcb_4.h */ = {isa = PBXFileReference; fileEncoding = 4; lastKnownFileType = sourcecode.c.h; path = hcb_4.h; sourceTree = "<group>"; };
		C61BC4A31BCF95DA007AA330 /* hcb_5.h */ = {isa = PBXFileReference; fileEncoding = 4; lastKnownFileType = sourcecode.c.h; path = hcb_5.h; sourceTree = "<group>"; };
		C61BC4A41BCF95DA007AA330 /* hcb_6.h */ = {isa = PBXFileReference; fileEncoding = 4; lastKnownFileType = sourcecode.c.h; path = hcb_6.h; sourceTree = "<group>"; };
		C61BC4A51BCF95DA007AA330 /* hcb_7.h */ = {isa = PBXFileReference; fileEncoding = 4; lastKnownFileType = sourcecode.c.h; path = hcb_7.h; sourceTree = "<group>"; };
		C61BC4A61BCF95DA007AA330 /* hcb_8.h */ = {isa = PBXFileReference; fileEncoding = 4; lastKnownFileType = sourcecode.c.h; path = hcb_8.h; sourceTree = "<group>"; };
		C61BC4A71BCF95DA007AA330 /* hcb_9.h */ = {isa = PBXFileReference; fileEncoding = 4; lastKnownFileType = sourcecode.c.h; path = hcb_9.h; sourceTree = "<group>"; };
		C61BC4A81BCF95DA007AA330 /* hcb_sf.h */ = {isa = PBXFileReference; fileEncoding = 4; lastKnownFileType = sourcecode.c.h; path = hcb_sf.h; sourceTree = "<group>"; };
		C61BC4A91BCF95DA007AA330 /* common.c */ = {isa = PBXFileReference; fileEncoding = 4; lastKnownFileType = sourcecode.c.c; path = common.c; sourceTree = "<group>"; };
		C61BC4AA1BCF95DA007AA330 /* common.h */ = {isa = PBXFileReference; fileEncoding = 4; lastKnownFileType = sourcecode.c.h; path = common.h; sourceTree = "<group>"; };
		C61BC4AD1BCF95DA007AA330 /* decoder.c */ = {isa = PBXFileReference; fileEncoding = 4; lastKnownFileType = sourcecode.c.c; path = decoder.c; sourceTree = "<group>"; };
		C61BC4B01BCF95DA007AA330 /* drc.c */ = {isa = PBXFileReference; fileEncoding = 4; lastKnownFileType = sourcecode.c.c; path = drc.c; sourceTree = "<group>"; };
		C61BC4B11BCF95DA007AA330 /* drc.h */ = {isa = PBXFileReference; fileEncoding = 4; lastKnownFileType = sourcecode.c.h; path = drc.h; sourceTree = "<group>"; };
		C61BC4B41BCF95DA007AA330 /* drm_dec.c */ = {isa = PBXFileReference; fileEncoding = 4; lastKnownFileType = sourcecode.c.c; path = drm_dec.c; sourceTree = "<group>"; };
		C61BC4B51BCF95DA007AA330 /* drm_dec.h */ = {isa = PBXFileReference; fileEncoding = 4; lastKnownFileType = sourcecode.c.h; path = drm_dec.h; sourceTree = "<group>"; };
		C61BC4B81BCF95DA007AA330 /* error.c */ = {isa = PBXFileReference; fileEncoding = 4; lastKnownFileType = sourcecode.c.c; path = error.c; sourceTree = "<group>"; };
		C61BC4B91BCF95DA007AA330 /* error.h */ = {isa = PBXFileReference; fileEncoding = 4; lastKnownFileType = sourcecode.c.h; path = error.h; sourceTree = "<group>"; };
		C61BC4BC1BCF95DA007AA330 /* filtbank.c */ = {isa = PBXFileReference; fileEncoding = 4; lastKnownFileType = sourcecode.c.c; path = filtbank.c; sourceTree = "<group>"; };
		C61BC4BD1BCF95DA007AA330 /* filtbank.h */ = {isa = PBXFileReference; fileEncoding = 4; lastKnownFileType = sourcecode.c.h; path = filtbank.h; sourceTree = "<group>"; };
		C61BC4C01BCF95DA007AA330 /* fixed.h */ = {isa = PBXFileReference; fileEncoding = 4; lastKnownFileType = sourcecode.c.h; path = fixed.h; sourceTree = "<group>"; };
		C61BC4C11BCF95DA007AA330 /* hcr.c */ = {isa = PBXFileReference; fileEncoding = 4; lastKnownFileType = sourcecode.c.c; path = hcr.c; sourceTree = "<group>"; };
		C61BC4C41BCF95DA007AA330 /* huffman.c */ = {isa = PBXFileReference; fileEncoding = 4; lastKnownFileType = sourcecode.c.c; path = huffman.c; sourceTree = "<group>"; };
		C61BC4C51BCF95DA007AA330 /* huffman.h */ = {isa = PBXFileReference; fileEncoding = 4; lastKnownFileType = sourcecode.c.h; path = huffman.h; sourceTree = "<group>"; };
		C61BC4C81BCF95DA007AA330 /* ic_predict.c */ = {isa = PBXFileReference; fileEncoding = 4; lastKnownFileType = sourcecode.c.c; path = ic_predict.c; sourceTree = "<group>"; };
		C61BC4C91BCF95DA007AA330 /* ic_predict.h */ = {isa = PBXFileReference; fileEncoding = 4; lastKnownFileType = sourcecode.c.h; path = ic_predict.h; sourceTree = "<group>"; };
		C61BC4CC1BCF95DA007AA330 /* iq_table.h */ = {isa = PBXFileReference; fileEncoding = 4; lastKnownFileType = sourcecode.c.h; path = iq_table.h; sourceTree = "<group>"; };
		C61BC4CD1BCF95DA007AA330 /* is.c */ = {isa = PBXFileReference; fileEncoding = 4; lastKnownFileType = sourcecode.c.c; path = is.c; sourceTree = "<group>"; };
		C61BC4CE1BCF95DA007AA330 /* is.h */ = {isa = PBXFileReference; fileEncoding = 4; lastKnownFileType = sourcecode.c.h; path = is.h; sourceTree = "<group>"; };
		C61BC4D11BCF95DA007AA330 /* kbd_win.h */ = {isa = PBXFileReference; fileEncoding = 4; lastKnownFileType = sourcecode.c.h; path = kbd_win.h; sourceTree = "<group>"; };
		C61BC4D81BCF95DA007AA330 /* lt_predict.c */ = {isa = PBXFileReference; fileEncoding = 4; lastKnownFileType = sourcecode.c.c; path = lt_predict.c; sourceTree = "<group>"; };
		C61BC4D91BCF95DA007AA330 /* lt_predict.h */ = {isa = PBXFileReference; fileEncoding = 4; lastKnownFileType = sourcecode.c.h; path = lt_predict.h; sourceTree = "<group>"; };
		C61BC4DC1BCF95DA007AA330 /* Makefile */ = {isa = PBXFileReference; fileEncoding = 4; lastKnownFileType = sourcecode.make; path = Makefile; sourceTree = "<group>"; };
		C61BC4DF1BCF95DA007AA330 /* mdct.c */ = {isa = PBXFileReference; fileEncoding = 4; lastKnownFileType = sourcecode.c.c; path = mdct.c; sourceTree = "<group>"; };
		C61BC4E01BCF95DA007AA330 /* mdct.h */ = {isa = PBXFileReference; fileEncoding = 4; lastKnownFileType = sourcecode.c.h; path = mdct.h; sourceTree = "<group>"; };
		C61BC4E31BCF95DA007AA330 /* mdct_tab.h */ = {isa = PBXFileReference; fileEncoding = 4; lastKnownFileType = sourcecode.c.h; path = mdct_tab.h; sourceTree = "<group>"; };
		C61BC4E41BCF95DA007AA330 /* mp4.c */ = {isa = PBXFileReference; fileEncoding = 4; lastKnownFileType = sourcecode.c.c; path = mp4.c; sourceTree = "<group>"; };
		C61BC4E51BCF95DA007AA330 /* mp4.h */ = {isa = PBXFileReference; fileEncoding = 4; lastKnownFileType = sourcecode.c.h; path = mp4.h; sourceTree = "<group>"; };
		C61BC4E81BCF95DA007AA330 /* ms.c */ = {isa = PBXFileReference; fileEncoding = 4; lastKnownFileType = sourcecode.c.c; path = ms.c; sourceTree = "<group>"; };
		C61BC4E91BCF95DA007AA330 /* ms.h */ = {isa = PBXFileReference; fileEncoding = 4; lastKnownFileType = sourcecode.c.h; path = ms.h; sourceTree = "<group>"; };
		C61BC4EC1BCF95DA007AA330 /* output.c */ = {isa = PBXFileReference; fileEncoding = 4; lastKnownFileType = sourcecode.c.c; path = output.c; sourceTree = "<group>"; };
		C61BC4ED1BCF95DA007AA330 /* output.h */ = {isa = PBXFileReference; fileEncoding = 4; lastKnownFileType = sourcecode.c.h; path = output.h; sourceTree = "<group>"; };
		C61BC4F01BCF95DA007AA330 /* pns.c */ = {isa = PBXFileReference; fileEncoding = 4; lastKnownFileType = sourcecode.c.c; path = pns.c; sourceTree = "<group>"; };
		C61BC4F11BCF95DA007AA330 /* pns.h */ = {isa = PBXFileReference; fileEncoding = 4; lastKnownFileType = sourcecode.c.h; path = pns.h; sourceTree = "<group>"; };
		C61BC4F41BCF95DA007AA330 /* ps_dec.c */ = {isa = PBXFileReference; fileEncoding = 4; lastKnownFileType = sourcecode.c.c; path = ps_dec.c; sourceTree = "<group>"; };
		C61BC4F51BCF95DA007AA330 /* ps_dec.h */ = {isa = PBXFileReference; fileEncoding = 4; lastKnownFileType = sourcecode.c.h; path = ps_dec.h; sourceTree = "<group>"; };
		C61BC4F81BCF95DA007AA330 /* ps_syntax.c */ = {isa = PBXFileReference; fileEncoding = 4; lastKnownFileType = sourcecode.c.c; path = ps_syntax.c; sourceTree = "<group>"; };
		C61BC4FB1BCF95DA007AA330 /* ps_tables.h */ = {isa = PBXFileReference; fileEncoding = 4; lastKnownFileType = sourcecode.c.h; path = ps_tables.h; sourceTree = "<group>"; };
		C61BC4FC1BCF95DA007AA330 /* pulse.c */ = {isa = PBXFileReference; fileEncoding = 4; lastKnownFileType = sourcecode.c.c; path = pulse.c; sourceTree = "<group>"; };
		C61BC4FD1BCF95DA007AA330 /* pulse.h */ = {isa = PBXFileReference; fileEncoding = 4; lastKnownFileType = sourcecode.c.h; path = pulse.h; sourceTree = "<group>"; };
		C61BC5001BCF95DA007AA330 /* rvlc.c */ = {isa = PBXFileReference; fileEncoding = 4; lastKnownFileType = sourcecode.c.c; path = rvlc.c; sourceTree = "<group>"; };
		C61BC5011BCF95DA007AA330 /* rvlc.h */ = {isa = PBXFileReference; fileEncoding = 4; lastKnownFileType = sourcecode.c.h; path = rvlc.h; sourceTree = "<group>"; };
		C61BC5041BCF95DA007AA330 /* sbr_dct.c */ = {isa = PBXFileReference; fileEncoding = 4; lastKnownFileType = sourcecode.c.c; path = sbr_dct.c; sourceTree = "<group>"; };
		C61BC5051BCF95DA007AA330 /* sbr_dct.h */ = {isa = PBXFileReference; fileEncoding = 4; lastKnownFileType = sourcecode.c.h; path = sbr_dct.h; sourceTree = "<group>"; };
		C61BC5081BCF95DA007AA330 /* sbr_dec.c */ = {isa = PBXFileReference; fileEncoding = 4; lastKnownFileType = sourcecode.c.c; path = sbr_dec.c; sourceTree = "<group>"; };
		C61BC5091BCF95DA007AA330 /* sbr_dec.h */ = {isa = PBXFileReference; fileEncoding = 4; lastKnownFileType = sourcecode.c.h; path = sbr_dec.h; sourceTree = "<group>"; };
		C61BC50C1BCF95DA007AA330 /* sbr_e_nf.c */ = {isa = PBXFileReference; fileEncoding = 4; lastKnownFileType = sourcecode.c.c; path = sbr_e_nf.c; sourceTree = "<group>"; };
		C61BC50D1BCF95DA007AA330 /* sbr_e_nf.h */ = {isa = PBXFileReference; fileEncoding = 4; lastKnownFileType = sourcecode.c.h; path = sbr_e_nf.h; sourceTree = "<group>"; };
		C61BC5101BCF95DA007AA330 /* sbr_fbt.c */ = {isa = PBXFileReference; fileEncoding = 4; lastKnownFileType = sourcecode.c.c; path = sbr_fbt.c; sourceTree = "<group>"; };
		C61BC5111BCF95DA007AA330 /* sbr_fbt.h */ = {isa = PBXFileReference; fileEncoding = 4; lastKnownFileType = sourcecode.c.h; path = sbr_fbt.h; sourceTree = "<group>"; };
		C61BC5141BCF95DA007AA330 /* sbr_hfadj.c */ = {isa = PBXFileReference; fileEncoding = 4; lastKnownFileType = sourcecode.c.c; path = sbr_hfadj.c; sourceTree = "<group>"; };
		C61BC5151BCF95DA007AA330 /* sbr_hfadj.h */ = {isa = PBXFileReference; fileEncoding = 4; lastKnownFileType = sourcecode.c.h; path = sbr_hfadj.h; sourceTree = "<group>"; };
		C61BC5181BCF95DA007AA330 /* sbr_hfgen.c */ = {isa = PBXFileReference; fileEncoding = 4; lastKnownFileType = sourcecode.c.c; path = sbr_hfgen.c; sourceTree = "<group>"; };
		C61BC5191BCF95DA007AA330 /* sbr_hfgen.h */ = {isa = PBXFileReference; fileEncoding = 4; lastKnownFileType = sourcecode.c.h; path = sbr_hfgen.h; sourceTree = "<group>"; };
		C61BC51C1BCF95DA007AA330 /* sbr_huff.c */ = {isa = PBXFileReference; fileEncoding = 4; lastKnownFileType = sourcecode.c.c; path = sbr_huff.c; sourceTree = "<group>"; };
		C61BC51D1BCF95DA007AA330 /* sbr_huff.h */ = {isa = PBXFileReference; fileEncoding = 4; lastKnownFileType = sourcecode.c.h; path = sbr_huff.h; sourceTree = "<group>"; };
		C61BC5201BCF95DA007AA330 /* sbr_noise.h */ = {isa = PBXFileReference; fileEncoding = 4; lastKnownFileType = sourcecode.c.h; path = sbr_noise.h; sourceTree = "<group>"; };
		C61BC5211BCF95DA007AA330 /* sbr_qmf.c */ = {isa = PBXFileReference; fileEncoding = 4; lastKnownFileType = sourcecode.c.c; path = sbr_qmf.c; sourceTree = "<group>"; };
		C61BC5221BCF95DA007AA330 /* sbr_qmf.h */ = {isa = PBXFileReference; fileEncoding = 4; lastKnownFileType = sourcecode.c.h; path = sbr_qmf.h; sourceTree = "<group>"; };
		C61BC5251BCF95DA007AA330 /* sbr_qmf_c.h */ = {isa = PBXFileReference; fileEncoding = 4; lastKnownFileType = sourcecode.c.h; path = sbr_qmf_c.h; sourceTree = "<group>"; };
		C61BC5261BCF95DA007AA330 /* sbr_syntax.c */ = {isa = PBXFileReference; fileEncoding = 4; lastKnownFileType = sourcecode.c.c; path = sbr_syntax.c; sourceTree = "<group>"; };
		C61BC5271BCF95DA007AA330 /* sbr_syntax.h */ = {isa = PBXFileReference; fileEncoding = 4; lastKnownFileType = sourcecode.c.h; path = sbr_syntax.h; sourceTree = "<group>"; };
		C61BC52A1BCF95DA007AA330 /* sbr_tf_grid.c */ = {isa = PBXFileReference; fileEncoding = 4; lastKnownFileType = sourcecode.c.c; path = sbr_tf_grid.c; sourceTree = "<group>"; };
		C61BC52B1BCF95DA007AA330 /* sbr_tf_grid.h */ = {isa = PBXFileReference; fileEncoding = 4; lastKnownFileType = sourcecode.c.h; path = sbr_tf_grid.h; sourceTree = "<group>"; };
		C61BC52E1BCF95DA007AA330 /* sine_win.h */ = {isa = PBXFileReference; fileEncoding = 4; lastKnownFileType = sourcecode.c.h; path = sine_win.h; sourceTree = "<group>"; };
		C61BC52F1BCF95DA007AA330 /* specrec.c */ = {isa = PBXFileReference; fileEncoding = 4; lastKnownFileType = sourcecode.c.c; path = specrec.c; sourceTree = "<group>"; };
		C61BC5301BCF95DA007AA330 /* specrec.h */ = {isa = PBXFileReference; fileEncoding = 4; lastKnownFileType = sourcecode.c.h; path = specrec.h; sourceTree = "<group>"; };
		C61BC5331BCF95DA007AA330 /* ssr.c */ = {isa = PBXFileReference; fileEncoding = 4; lastKnownFileType = sourcecode.c.c; path = ssr.c; sourceTree = "<group>"; };
		C61BC5341BCF95DA007AA330 /* ssr.h */ = {isa = PBXFileReference; fileEncoding = 4; lastKnownFileType = sourcecode.c.h; path = ssr.h; sourceTree = "<group>"; };
		C61BC5371BCF95DA007AA330 /* ssr_fb.c */ = {isa = PBXFileReference; fileEncoding = 4; lastKnownFileType = sourcecode.c.c; path = ssr_fb.c; sourceTree = "<group>"; };
		C61BC5381BCF95DA007AA330 /* ssr_fb.h */ = {isa = PBXFileReference; fileEncoding = 4; lastKnownFileType = sourcecode.c.h; path = ssr_fb.h; sourceTree = "<group>"; };
		C61BC53B1BCF95DA007AA330 /* ssr_ipqf.c */ = {isa = PBXFileReference; fileEncoding = 4; lastKnownFileType = sourcecode.c.c; path = ssr_ipqf.c; sourceTree = "<group>"; };
		C61BC53C1BCF95DA007AA330 /* ssr_ipqf.h */ = {isa = PBXFileReference; fileEncoding = 4; lastKnownFileType = sourcecode.c.h; path = ssr_ipqf.h; sourceTree = "<group>"; };
		C61BC53F1BCF95DA007AA330 /* ssr_win.h */ = {isa = PBXFileReference; fileEncoding = 4; lastKnownFileType = sourcecode.c.h; path = ssr_win.h; sourceTree = "<group>"; };
		C61BC5401BCF95DA007AA330 /* structs.h */ = {isa = PBXFileReference; fileEncoding = 4; lastKnownFileType = sourcecode.c.h; path = structs.h; sourceTree = "<group>"; };
		C61BC5411BCF95DA007AA330 /* syntax.c */ = {isa = PBXFileReference; fileEncoding = 4; lastKnownFileType = sourcecode.c.c; path = syntax.c; sourceTree = "<group>"; };
		C61BC5421BCF95DA007AA330 /* syntax.h */ = {isa = PBXFileReference; fileEncoding = 4; lastKnownFileType = sourcecode.c.h; path = syntax.h; sourceTree = "<group>"; };
		C61BC5451BCF95DA007AA330 /* tns.c */ = {isa = PBXFileReference; fileEncoding = 4; lastKnownFileType = sourcecode.c.c; path = tns.c; sourceTree = "<group>"; };
		C61BC5461BCF95DA007AA330 /* tns.h */ = {isa = PBXFileReference; fileEncoding = 4; lastKnownFileType = sourcecode.c.h; path = tns.h; sourceTree = "<group>"; };
		C61BC6161BCF96F6007AA330 /* Prefix.h */ = {isa = PBXFileReference; fileEncoding = 4; lastKnownFileType = sourcecode.c.h; path = Prefix.h; sourceTree = "<group>"; };
		C61BC6171BD0F4B6007AA330 /* libmp4ff.a */ = {isa = PBXFileReference; lastKnownFileType = archive.ar; name = libmp4ff.a; path = ../../../../../../usr/local/Cellar/faad2/2.7/lib/libmp4ff.a; sourceTree = "<group>"; };
		C61BC61A1BD0F921007AA330 /* mp4atom.c */ = {isa = PBXFileReference; fileEncoding = 4; lastKnownFileType = sourcecode.c.c; name = mp4atom.c; path = "../../../../Downloads/faad2-2.7/common/mp4ff/mp4atom.c"; sourceTree = "<group>"; };
		C61BC61B1BD0F921007AA330 /* mp4ff.c */ = {isa = PBXFileReference; fileEncoding = 4; lastKnownFileType = sourcecode.c.c; name = mp4ff.c; path = "../../../../Downloads/faad2-2.7/common/mp4ff/mp4ff.c"; sourceTree = "<group>"; };
		C61BC61C1BD0F921007AA330 /* mp4ff.h */ = {isa = PBXFileReference; fileEncoding = 4; lastKnownFileType = sourcecode.c.h; name = mp4ff.h; path = "../../../../Downloads/faad2-2.7/common/mp4ff/mp4ff.h"; sourceTree = "<group>"; };
		C61BC61D1BD0F921007AA330 /* mp4ff.vcproj */ = {isa = PBXFileReference; fileEncoding = 4; lastKnownFileType = text.xml; name = mp4ff.vcproj; path = "../../../../Downloads/faad2-2.7/common/mp4ff/mp4ff.vcproj"; sourceTree = "<group>"; };
		C61BC61E1BD0F921007AA330 /* mp4ffint.h */ = {isa = PBXFileReference; fileEncoding = 4; lastKnownFileType = sourcecode.c.h; name = mp4ffint.h; path = "../../../../Downloads/faad2-2.7/common/mp4ff/mp4ffint.h"; sourceTree = "<group>"; };
		C61BC61F1BD0F921007AA330 /* mp4meta.c */ = {isa = PBXFileReference; fileEncoding = 4; lastKnownFileType = sourcecode.c.c; name = mp4meta.c; path = "../../../../Downloads/faad2-2.7/common/mp4ff/mp4meta.c"; sourceTree = "<group>"; };
		C61BC6201BD0F921007AA330 /* mp4sample.c */ = {isa = PBXFileReference; fileEncoding = 4; lastKnownFileType = sourcecode.c.c; name = mp4sample.c; path = "../../../../Downloads/faad2-2.7/common/mp4ff/mp4sample.c"; sourceTree = "<group>"; };
		C61BC6211BD0F921007AA330 /* mp4tagupdate.c */ = {isa = PBXFileReference; fileEncoding = 4; lastKnownFileType = sourcecode.c.c; name = mp4tagupdate.c; path = "../../../../Downloads/faad2-2.7/common/mp4ff/mp4tagupdate.c"; sourceTree = "<group>"; };
		C61BC6221BD0F921007AA330 /* mp4util.c */ = {isa = PBXFileReference; fileEncoding = 4; lastKnownFileType = sourcecode.c.c; name = mp4util.c; path = "../../../../Downloads/faad2-2.7/common/mp4ff/mp4util.c"; sourceTree = "<group>"; };
		C61C5F071BCF35CF008BE1F8 /* Decoder.cpp */ = {isa = PBXFileReference; fileEncoding = 4; lastKnownFileType = sourcecode.cpp.cpp; path = Decoder.cpp; sourceTree = "<group>"; };
		C61C5F081BCF35CF008BE1F8 /* Decoder.h */ = {isa = PBXFileReference; fileEncoding = 4; lastKnownFileType = sourcecode.c.h; path = Decoder.h; sourceTree = "<group>"; };
		C6200C7B1A4FF99400FB48AD /* Semaphore.cpp */ = {isa = PBXFileReference; fileEncoding = 4; lastKnownFileType = sourcecode.cpp.cpp; path = Semaphore.cpp; sourceTree = "<group>"; };
		C6200C7C1A4FF99400FB48AD /* Semaphore.h */ = {isa = PBXFileReference; fileEncoding = 4; lastKnownFileType = sourcecode.c.h; path = Semaphore.h; sourceTree = "<group>"; };
		C6200C7F1A50162F00FB48AD /* GPIO.cpp */ = {isa = PBXFileReference; lastKnownFileType = sourcecode.cpp.cpp; path = GPIO.cpp; sourceTree = "<group>"; };
		C6200C801A50162F00FB48AD /* GPIO.h */ = {isa = PBXFileReference; lastKnownFileType = sourcecode.c.h; path = GPIO.h; sourceTree = "<group>"; };
		C69796461B804A430024511B /* RadioDBUS.cpp */ = {isa = PBXFileReference; fileEncoding = 4; lastKnownFileType = sourcecode.cpp.cpp; path = RadioDBUS.cpp; sourceTree = "<group>"; };
		C69796471B804A430024511B /* RadioDBUS.h */ = {isa = PBXFileReference; fileEncoding = 4; lastKnownFileType = sourcecode.c.h; path = RadioDBUS.h; sourceTree = "<group>"; };
		C6B2152C1A3C3B2D0043E3FD /* ExampleSpectrum.json */ = {isa = PBXFileReference; fileEncoding = 4; lastKnownFileType = text.json; path = ExampleSpectrum.json; sourceTree = "<group>"; };
		C6B5DFA21A31A89A00A3A9ED /* Podtique.app */ = {isa = PBXFileReference; explicitFileType = wrapper.application; includeInIndex = 0; path = Podtique.app; sourceTree = BUILT_PRODUCTS_DIR; };
		C6B5DFA61A31A89A00A3A9ED /* Info.plist */ = {isa = PBXFileReference; lastKnownFileType = text.plist.xml; path = Info.plist; sourceTree = "<group>"; };
		C6B5DFA71A31A89A00A3A9ED /* AppDelegate.h */ = {isa = PBXFileReference; lastKnownFileType = sourcecode.c.h; path = AppDelegate.h; sourceTree = "<group>"; };
		C6B5DFA81A31A89A00A3A9ED /* AppDelegate.mm */ = {isa = PBXFileReference; lastKnownFileType = sourcecode.cpp.objcpp; path = AppDelegate.mm; sourceTree = "<group>"; };
		C6B5DFAA1A31A89A00A3A9ED /* main.m */ = {isa = PBXFileReference; lastKnownFileType = sourcecode.c.objc; path = main.m; sourceTree = "<group>"; };
		C6B5DFAC1A31A89A00A3A9ED /* ViewController.h */ = {isa = PBXFileReference; lastKnownFileType = sourcecode.c.h; path = ViewController.h; sourceTree = "<group>"; };
		C6B5DFAD1A31A89A00A3A9ED /* ViewController.mm */ = {isa = PBXFileReference; lastKnownFileType = sourcecode.cpp.objcpp; path = ViewController.mm; sourceTree = "<group>"; };
		C6B5DFAF1A31A89A00A3A9ED /* Images.xcassets */ = {isa = PBXFileReference; lastKnownFileType = folder.assetcatalog; path = Images.xcassets; sourceTree = "<group>"; };
		C6B5DFB21A31A89A00A3A9ED /* Base */ = {isa = PBXFileReference; lastKnownFileType = file.storyboard; name = Base; path = Base.lproj/Main.storyboard; sourceTree = "<group>"; };
		C6B5DFB81A31A89A00A3A9ED /* PodtiqueTests.xctest */ = {isa = PBXFileReference; explicitFileType = wrapper.cfbundle; includeInIndex = 0; path = PodtiqueTests.xctest; sourceTree = BUILT_PRODUCTS_DIR; };
		C6B5DFBD1A31A89A00A3A9ED /* Info.plist */ = {isa = PBXFileReference; lastKnownFileType = text.plist.xml; path = Info.plist; sourceTree = "<group>"; };
		C6B5DFBE1A31A89A00A3A9ED /* PodtiqueTests.m */ = {isa = PBXFileReference; lastKnownFileType = sourcecode.c.objc; path = PodtiqueTests.m; sourceTree = "<group>"; };
		C6B5DFC91A31A8D500A3A9ED /* BBBMain.cpp */ = {isa = PBXFileReference; fileEncoding = 4; lastKnownFileType = sourcecode.cpp.cpp; path = BBBMain.cpp; sourceTree = "<group>"; };
		C6B5DFCC1A31A8D500A3A9ED /* MP3Decoder.cpp */ = {isa = PBXFileReference; fileEncoding = 4; lastKnownFileType = sourcecode.cpp.cpp; path = MP3Decoder.cpp; sourceTree = "<group>"; };
		C6B5DFCD1A31A8D500A3A9ED /* MP3Decoder.h */ = {isa = PBXFileReference; fileEncoding = 4; lastKnownFileType = sourcecode.c.h; path = MP3Decoder.h; sourceTree = "<group>"; };
		C6B5DFCE1A31A8D500A3A9ED /* picojson.h */ = {isa = PBXFileReference; fileEncoding = 4; lastKnownFileType = sourcecode.c.h; path = picojson.h; sourceTree = "<group>"; };
		C6B5DFCF1A31A8D500A3A9ED /* Radio.cpp */ = {isa = PBXFileReference; fileEncoding = 4; lastKnownFileType = sourcecode.cpp.cpp; path = Radio.cpp; sourceTree = "<group>"; };
		C6B5DFD11A31A8D500A3A9ED /* Radio.h */ = {isa = PBXFileReference; fileEncoding = 4; lastKnownFileType = sourcecode.c.h; path = Radio.h; sourceTree = "<group>"; };
		C6B5DFD31A31A8D500A3A9ED /* RadioDebug.h */ = {isa = PBXFileReference; fileEncoding = 4; lastKnownFileType = sourcecode.c.h; path = RadioDebug.h; sourceTree = "<group>"; };
		C6B5DFD41A31A8D500A3A9ED /* SoundPlayer.cpp */ = {isa = PBXFileReference; fileEncoding = 4; lastKnownFileType = sourcecode.cpp.cpp; path = SoundPlayer.cpp; sourceTree = "<group>"; };
		C6B5DFD51A31A8D500A3A9ED /* SoundPlayer.h */ = {isa = PBXFileReference; fileEncoding = 4; lastKnownFileType = sourcecode.c.h; path = SoundPlayer.h; sourceTree = "<group>"; };
		C6B5DFDE1A31A95000A3A9ED /* libmpg123.0.dylib */ = {isa = PBXFileReference; lastKnownFileType = "compiled.mach-o.dylib"; name = libmpg123.0.dylib; path = /usr/local/Cellar/mpg123/1.20.1/lib/libmpg123.0.dylib; sourceTree = "<absolute>"; };
		C6B5DFE01A31A95A00A3A9ED /* libao.4.dylib */ = {isa = PBXFileReference; lastKnownFileType = "compiled.mach-o.dylib"; name = libao.4.dylib; path = /usr/local/Cellar/libao/1.2.0/lib/libao.4.dylib; sourceTree = "<absolute>"; };
		C6B5DFE21A31AEB900A3A9ED /* README.md */ = {isa = PBXFileReference; fileEncoding = 4; lastKnownFileType = net.daringfireball.markdown; name = README.md; path = ../README.md; sourceTree = "<group>"; wrapsLines = 1; };
		C6B5DFE51A31AF1500A3A9ED /* Makefile */ = {isa = PBXFileReference; lastKnownFileType = sourcecode.make; name = Makefile; path = ../Makefile; sourceTree = "<group>"; };
		C6B5DFE61A31AF1F00A3A9ED /* LICENSE */ = {isa = PBXFileReference; lastKnownFileType = text; name = LICENSE; path = ../LICENSE; sourceTree = "<group>"; };
		C6B5DFE71A33B0EC00A3A9ED /* Spectrum.cpp */ = {isa = PBXFileReference; fileEncoding = 4; lastKnownFileType = sourcecode.cpp.cpp; path = Spectrum.cpp; sourceTree = "<group>"; };
		C6B5DFE81A33B0EC00A3A9ED /* Spectrum.h */ = {isa = PBXFileReference; fileEncoding = 4; lastKnownFileType = sourcecode.c.h; path = Spectrum.h; sourceTree = "<group>"; };
		C6B5DFEA1A34E9AF00A3A9ED /* AudioDevice.cpp */ = {isa = PBXFileReference; fileEncoding = 4; lastKnownFileType = sourcecode.cpp.cpp; path = AudioDevice.cpp; sourceTree = "<group>"; };
		C6B5DFEB1A34E9AF00A3A9ED /* AudioDevice.h */ = {isa = PBXFileReference; fileEncoding = 4; lastKnownFileType = sourcecode.c.h; path = AudioDevice.h; sourceTree = "<group>"; };
		C6B5DFED1A3599FE00A3A9ED /* RadioConstants.h */ = {isa = PBXFileReference; lastKnownFileType = sourcecode.c.h; path = RadioConstants.h; sourceTree = "<group>"; };
		C6B5DFEE1A35AD8200A3A9ED /* SndFile.cpp */ = {isa = PBXFileReference; fileEncoding = 4; lastKnownFileType = sourcecode.cpp.cpp; path = SndFile.cpp; sourceTree = "<group>"; };
		C6B5DFEF1A35AD8200A3A9ED /* SndFile.h */ = {isa = PBXFileReference; fileEncoding = 4; lastKnownFileType = sourcecode.c.h; path = SndFile.h; sourceTree = "<group>"; };
		C6B5DFF11A35B49700A3A9ED /* libsndfile.1.dylib */ = {isa = PBXFileReference; lastKnownFileType = "compiled.mach-o.dylib"; name = libsndfile.1.dylib; path = /usr/local/Cellar/libsndfile/1.0.25/lib/libsndfile.1.dylib; sourceTree = "<absolute>"; };
		C6EDA8AB1CB1C5810051623C /* AACDecoder.cpp */ = {isa = PBXFileReference; fileEncoding = 4; lastKnownFileType = sourcecode.cpp.cpp; path = AACDecoder.cpp; sourceTree = "<group>"; };
		C6EDA8AC1CB1C5810051623C /* AACDecoder.h */ = {isa = PBXFileReference; fileEncoding = 4; lastKnownFileType = sourcecode.c.h; path = AACDecoder.h; sourceTree = "<group>"; };
		C6EDA8AE1CB1D09B0051623C /* pru.c */ = {isa = PBXFileReference; fileEncoding = 4; lastKnownFileType = sourcecode.c.c; path = pru.c; sourceTree = "<group>"; };
		C6EDA8AF1CB1D09B0051623C /* pru.h */ = {isa = PBXFileReference; fileEncoding = 4; lastKnownFileType = sourcecode.c.h; path = pru.h; sourceTree = "<group>"; };
		C6F066741AAFE1D400EDC3E9 /* libdbus-1.3.dylib */ = {isa = PBXFileReference; lastKnownFileType = "compiled.mach-o.dylib"; name = "libdbus-1.3.dylib"; path = "/usr/local/Cellar/d-bus/1.8.14/lib/libdbus-1.3.dylib"; sourceTree = "<absolute>"; };
		C6F066761AAFF00C00EDC3E9 /* DBUS.cpp */ = {isa = PBXFileReference; fileEncoding = 4; lastKnownFileType = sourcecode.cpp.cpp; path = DBUS.cpp; sourceTree = "<group>"; };
		C6F066771AAFF00C00EDC3E9 /* DBUS.h */ = {isa = PBXFileReference; fileEncoding = 4; lastKnownFileType = sourcecode.c.h; path = DBUS.h; sourceTree = "<group>"; };
		C6F066791AB03E5000EDC3E9 /* DBusMessage.cpp */ = {isa = PBXFileReference; fileEncoding = 4; lastKnownFileType = sourcecode.cpp.cpp; path = DBusMessage.cpp; sourceTree = "<group>"; };
		C6F0667A1AB03E5000EDC3E9 /* DBusMessage.h */ = {isa = PBXFileReference; fileEncoding = 4; lastKnownFileType = sourcecode.c.h; path = DBusMessage.h; sourceTree = "<group>"; };
/* End PBXFileReference section */

/* Begin PBXFrameworksBuildPhase section */
		C6B5DF9F1A31A89A00A3A9ED /* Frameworks */ = {
			isa = PBXFrameworksBuildPhase;
			buildActionMask = 2147483647;
			files = (
				C6B5DFE11A31A95A00A3A9ED /* libao.4.dylib in Frameworks */,
				C6F066751AAFE1D400EDC3E9 /* libdbus-1.3.dylib in Frameworks */,
				C61BC6181BD0F4B6007AA330 /* libmp4ff.a in Frameworks */,
				C6B5DFDF1A31A95000A3A9ED /* libmpg123.0.dylib in Frameworks */,
				C6B5DFF21A35B49700A3A9ED /* libsndfile.1.dylib in Frameworks */,
			);
			runOnlyForDeploymentPostprocessing = 0;
		};
		C6B5DFB51A31A89A00A3A9ED /* Frameworks */ = {
			isa = PBXFrameworksBuildPhase;
			buildActionMask = 2147483647;
			files = (
			);
			runOnlyForDeploymentPostprocessing = 0;
		};
/* End PBXFrameworksBuildPhase section */

/* Begin PBXGroup section */
		C61BC43C1BCF95DA007AA330 /* libfaad */ = {
			isa = PBXGroup;
			children = (
				C61BC4911BCF95DA007AA330 /* analysis.h */,
				C61BC4921BCF95DA007AA330 /* bits.c */,
				C61BC4931BCF95DA007AA330 /* bits.h */,
				C61BC4961BCF95DA007AA330 /* cfft.c */,
				C61BC4971BCF95DA007AA330 /* cfft.h */,
				C61BC49A1BCF95DA007AA330 /* cfft_tab.h */,
				C61BC49B1BCF95DA007AA330 /* codebook */,
				C61BC4A91BCF95DA007AA330 /* common.c */,
				C61BC4AA1BCF95DA007AA330 /* common.h */,
				C61BC4AD1BCF95DA007AA330 /* decoder.c */,
				C61BC4B01BCF95DA007AA330 /* drc.c */,
				C61BC4B11BCF95DA007AA330 /* drc.h */,
				C61BC4B41BCF95DA007AA330 /* drm_dec.c */,
				C61BC4B51BCF95DA007AA330 /* drm_dec.h */,
				C61BC4B81BCF95DA007AA330 /* error.c */,
				C61BC4B91BCF95DA007AA330 /* error.h */,
				C61BC4BC1BCF95DA007AA330 /* filtbank.c */,
				C61BC4BD1BCF95DA007AA330 /* filtbank.h */,
				C61BC4C01BCF95DA007AA330 /* fixed.h */,
				C61BC4C11BCF95DA007AA330 /* hcr.c */,
				C61BC4C41BCF95DA007AA330 /* huffman.c */,
				C61BC4C51BCF95DA007AA330 /* huffman.h */,
				C61BC4C81BCF95DA007AA330 /* ic_predict.c */,
				C61BC4C91BCF95DA007AA330 /* ic_predict.h */,
				C61BC4CC1BCF95DA007AA330 /* iq_table.h */,
				C61BC4CD1BCF95DA007AA330 /* is.c */,
				C61BC4CE1BCF95DA007AA330 /* is.h */,
				C61BC4D11BCF95DA007AA330 /* kbd_win.h */,
				C61BC4D81BCF95DA007AA330 /* lt_predict.c */,
				C61BC4D91BCF95DA007AA330 /* lt_predict.h */,
				C61BC4DC1BCF95DA007AA330 /* Makefile */,
				C61BC4DF1BCF95DA007AA330 /* mdct.c */,
				C61BC4E01BCF95DA007AA330 /* mdct.h */,
				C61BC4E31BCF95DA007AA330 /* mdct_tab.h */,
				C61BC4E41BCF95DA007AA330 /* mp4.c */,
				C61BC4E51BCF95DA007AA330 /* mp4.h */,
				C61BC4E81BCF95DA007AA330 /* ms.c */,
				C61BC4E91BCF95DA007AA330 /* ms.h */,
				C61BC4EC1BCF95DA007AA330 /* output.c */,
				C61BC4ED1BCF95DA007AA330 /* output.h */,
				C61BC4F01BCF95DA007AA330 /* pns.c */,
				C61BC4F11BCF95DA007AA330 /* pns.h */,
				C61BC4F41BCF95DA007AA330 /* ps_dec.c */,
				C61BC4F51BCF95DA007AA330 /* ps_dec.h */,
				C61BC4F81BCF95DA007AA330 /* ps_syntax.c */,
				C61BC4FB1BCF95DA007AA330 /* ps_tables.h */,
				C61BC4FC1BCF95DA007AA330 /* pulse.c */,
				C61BC4FD1BCF95DA007AA330 /* pulse.h */,
				C61BC5001BCF95DA007AA330 /* rvlc.c */,
				C61BC5011BCF95DA007AA330 /* rvlc.h */,
				C61BC5041BCF95DA007AA330 /* sbr_dct.c */,
				C61BC5051BCF95DA007AA330 /* sbr_dct.h */,
				C61BC5081BCF95DA007AA330 /* sbr_dec.c */,
				C61BC5091BCF95DA007AA330 /* sbr_dec.h */,
				C61BC50C1BCF95DA007AA330 /* sbr_e_nf.c */,
				C61BC50D1BCF95DA007AA330 /* sbr_e_nf.h */,
				C61BC5101BCF95DA007AA330 /* sbr_fbt.c */,
				C61BC5111BCF95DA007AA330 /* sbr_fbt.h */,
				C61BC5141BCF95DA007AA330 /* sbr_hfadj.c */,
				C61BC5151BCF95DA007AA330 /* sbr_hfadj.h */,
				C61BC5181BCF95DA007AA330 /* sbr_hfgen.c */,
				C61BC5191BCF95DA007AA330 /* sbr_hfgen.h */,
				C61BC51C1BCF95DA007AA330 /* sbr_huff.c */,
				C61BC51D1BCF95DA007AA330 /* sbr_huff.h */,
				C61BC5201BCF95DA007AA330 /* sbr_noise.h */,
				C61BC5211BCF95DA007AA330 /* sbr_qmf.c */,
				C61BC5221BCF95DA007AA330 /* sbr_qmf.h */,
				C61BC5251BCF95DA007AA330 /* sbr_qmf_c.h */,
				C61BC5261BCF95DA007AA330 /* sbr_syntax.c */,
				C61BC5271BCF95DA007AA330 /* sbr_syntax.h */,
				C61BC52A1BCF95DA007AA330 /* sbr_tf_grid.c */,
				C61BC52B1BCF95DA007AA330 /* sbr_tf_grid.h */,
				C61BC52E1BCF95DA007AA330 /* sine_win.h */,
				C61BC52F1BCF95DA007AA330 /* specrec.c */,
				C61BC5301BCF95DA007AA330 /* specrec.h */,
				C61BC5331BCF95DA007AA330 /* ssr.c */,
				C61BC5341BCF95DA007AA330 /* ssr.h */,
				C61BC5371BCF95DA007AA330 /* ssr_fb.c */,
				C61BC5381BCF95DA007AA330 /* ssr_fb.h */,
				C61BC53B1BCF95DA007AA330 /* ssr_ipqf.c */,
				C61BC53C1BCF95DA007AA330 /* ssr_ipqf.h */,
				C61BC53F1BCF95DA007AA330 /* ssr_win.h */,
				C61BC5401BCF95DA007AA330 /* structs.h */,
				C61BC5411BCF95DA007AA330 /* syntax.c */,
				C61BC5421BCF95DA007AA330 /* syntax.h */,
				C61BC5451BCF95DA007AA330 /* tns.c */,
				C61BC5461BCF95DA007AA330 /* tns.h */,
			);
			name = libfaad;
			path = "../../../../Downloads/faad2-2.7/libfaad";
			sourceTree = "<group>";
		};
		C61BC49B1BCF95DA007AA330 /* codebook */ = {
			isa = PBXGroup;
			children = (
				C61BC49C1BCF95DA007AA330 /* hcb.h */,
				C61BC49D1BCF95DA007AA330 /* hcb_1.h */,
				C61BC49E1BCF95DA007AA330 /* hcb_10.h */,
				C61BC49F1BCF95DA007AA330 /* hcb_11.h */,
				C61BC4A01BCF95DA007AA330 /* hcb_2.h */,
				C61BC4A11BCF95DA007AA330 /* hcb_3.h */,
				C61BC4A21BCF95DA007AA330 /* hcb_4.h */,
				C61BC4A31BCF95DA007AA330 /* hcb_5.h */,
				C61BC4A41BCF95DA007AA330 /* hcb_6.h */,
				C61BC4A51BCF95DA007AA330 /* hcb_7.h */,
				C61BC4A61BCF95DA007AA330 /* hcb_8.h */,
				C61BC4A71BCF95DA007AA330 /* hcb_9.h */,
				C61BC4A81BCF95DA007AA330 /* hcb_sf.h */,
			);
			path = codebook;
			sourceTree = "<group>";
		};
		C61BC6191BD0F90D007AA330 /* mp4ff */ = {
			isa = PBXGroup;
			children = (
				C61BC61A1BD0F921007AA330 /* mp4atom.c */,
				C61BC61B1BD0F921007AA330 /* mp4ff.c */,
				C61BC61C1BD0F921007AA330 /* mp4ff.h */,
				C61BC61D1BD0F921007AA330 /* mp4ff.vcproj */,
				C61BC61E1BD0F921007AA330 /* mp4ffint.h */,
				C61BC61F1BD0F921007AA330 /* mp4meta.c */,
				C61BC6201BD0F921007AA330 /* mp4sample.c */,
				C61BC6211BD0F921007AA330 /* mp4tagupdate.c */,
				C61BC6221BD0F921007AA330 /* mp4util.c */,
			);
			name = mp4ff;
			sourceTree = "<group>";
		};
		C6200C7E1A50161600FB48AD /* BBB */ = {
			isa = PBXGroup;
			children = (
				C6EDA8AE1CB1D09B0051623C /* pru.c */,
				C6EDA8AF1CB1D09B0051623C /* pru.h */,
				C6B5DFC91A31A8D500A3A9ED /* BBBMain.cpp */,
				C6200C801A50162F00FB48AD /* GPIO.h */,
				C6200C7F1A50162F00FB48AD /* GPIO.cpp */,
			);
			name = BBB;
			sourceTree = "<group>";
		};
		C6B5DF991A31A89A00A3A9ED = {
			isa = PBXGroup;
			children = (
				C61BC6171BD0F4B6007AA330 /* libmp4ff.a */,
				C6B5DFE51A31AF1500A3A9ED /* Makefile */,
				C6B5DFE21A31AEB900A3A9ED /* README.md */,
				C6B2152C1A3C3B2D0043E3FD /* ExampleSpectrum.json */,
				C6B5DFE61A31AF1F00A3A9ED /* LICENSE */,
				C61BC6161BCF96F6007AA330 /* Prefix.h */,
				C61BC6191BD0F90D007AA330 /* mp4ff */,
				C61BC43C1BCF95DA007AA330 /* libfaad */,
				C6B5DFC81A31A8D500A3A9ED /* src */,
				C6B5DFA41A31A89A00A3A9ED /* Podtique */,
				C6B5DFE41A31AEC900A3A9ED /* Libraries */,
				C6B5DFBB1A31A89A00A3A9ED /* PodtiqueTests */,
				C6B5DFA31A31A89A00A3A9ED /* Products */,
			);
			sourceTree = "<group>";
		};
		C6B5DFA31A31A89A00A3A9ED /* Products */ = {
			isa = PBXGroup;
			children = (
				C6B5DFA21A31A89A00A3A9ED /* Podtique.app */,
				C6B5DFB81A31A89A00A3A9ED /* PodtiqueTests.xctest */,
			);
			name = Products;
			sourceTree = "<group>";
		};
		C6B5DFA41A31A89A00A3A9ED /* Podtique */ = {
			isa = PBXGroup;
			children = (
				C6B5DFA71A31A89A00A3A9ED /* AppDelegate.h */,
				C6B5DFA81A31A89A00A3A9ED /* AppDelegate.mm */,
				C6B5DFAC1A31A89A00A3A9ED /* ViewController.h */,
				C6B5DFAD1A31A89A00A3A9ED /* ViewController.mm */,
				C6B5DFAF1A31A89A00A3A9ED /* Images.xcassets */,
				C6B5DFB11A31A89A00A3A9ED /* Main.storyboard */,
				C6B5DFA51A31A89A00A3A9ED /* Supporting Files */,
			);
			path = Podtique;
			sourceTree = "<group>";
		};
		C6B5DFA51A31A89A00A3A9ED /* Supporting Files */ = {
			isa = PBXGroup;
			children = (
				C6B5DFA61A31A89A00A3A9ED /* Info.plist */,
				C6B5DFAA1A31A89A00A3A9ED /* main.m */,
			);
			name = "Supporting Files";
			sourceTree = "<group>";
		};
		C6B5DFBB1A31A89A00A3A9ED /* PodtiqueTests */ = {
			isa = PBXGroup;
			children = (
				C6B5DFBE1A31A89A00A3A9ED /* PodtiqueTests.m */,
				C6B5DFBC1A31A89A00A3A9ED /* Supporting Files */,
			);
			path = PodtiqueTests;
			sourceTree = "<group>";
		};
		C6B5DFBC1A31A89A00A3A9ED /* Supporting Files */ = {
			isa = PBXGroup;
			children = (
				C6B5DFBD1A31A89A00A3A9ED /* Info.plist */,
			);
			name = "Supporting Files";
			sourceTree = "<group>";
		};
		C6B5DFC81A31A8D500A3A9ED /* src */ = {
			isa = PBXGroup;
			children = (
				C6EDA8AC1CB1C5810051623C /* AACDecoder.h */,
				C6EDA8AB1CB1C5810051623C /* AACDecoder.cpp */,
				C6B5DFEB1A34E9AF00A3A9ED /* AudioDevice.h */,
				C6B5DFEA1A34E9AF00A3A9ED /* AudioDevice.cpp */,
				C618FFAA1A43989E00A66EE6 /* BandPassFilter.h */,
				C618FFA91A43989E00A66EE6 /* BandPassFilter.cpp */,
				C6F066771AAFF00C00EDC3E9 /* DBUS.h */,
				C6F066761AAFF00C00EDC3E9 /* DBUS.cpp */,
				C6F0667A1AB03E5000EDC3E9 /* DBusMessage.h */,
				C6F066791AB03E5000EDC3E9 /* DBusMessage.cpp */,
				C69796471B804A430024511B /* RadioDBUS.h */,
				C69796461B804A430024511B /* RadioDBUS.cpp */,
				C61C5F081BCF35CF008BE1F8 /* Decoder.h */,
				C61C5F071BCF35CF008BE1F8 /* Decoder.cpp */,
				C6B5DFCD1A31A8D500A3A9ED /* MP3Decoder.h */,
				C6B5DFCC1A31A8D500A3A9ED /* MP3Decoder.cpp */,
				C6B5DFCE1A31A8D500A3A9ED /* picojson.h */,
				C6B5DFD31A31A8D500A3A9ED /* RadioDebug.h */,
				C6B5DFED1A3599FE00A3A9ED /* RadioConstants.h */,
				C6B5DFD11A31A8D500A3A9ED /* Radio.h */,
				C6B5DFCF1A31A8D500A3A9ED /* Radio.cpp */,
				C6B5DFE81A33B0EC00A3A9ED /* Spectrum.h */,
				C6B5DFE71A33B0EC00A3A9ED /* Spectrum.cpp */,
				C6200C7C1A4FF99400FB48AD /* Semaphore.h */,
				C6200C7B1A4FF99400FB48AD /* Semaphore.cpp */,
				C6B5DFEF1A35AD8200A3A9ED /* SndFile.h */,
				C6B5DFEE1A35AD8200A3A9ED /* SndFile.cpp */,
				C6B5DFD51A31A8D500A3A9ED /* SoundPlayer.h */,
				C6B5DFD41A31A8D500A3A9ED /* SoundPlayer.cpp */,
				C6200C7E1A50161600FB48AD /* BBB */,
			);
			name = src;
			path = ../src;
			sourceTree = "<group>";
		};
		C6B5DFE41A31AEC900A3A9ED /* Libraries */ = {
			isa = PBXGroup;
			children = (
				C6B5DFE01A31A95A00A3A9ED /* libao.4.dylib */,
				C6F066741AAFE1D400EDC3E9 /* libdbus-1.3.dylib */,
				C6B5DFDE1A31A95000A3A9ED /* libmpg123.0.dylib */,
				C6B5DFF11A35B49700A3A9ED /* libsndfile.1.dylib */,
			);
			name = Libraries;
			sourceTree = "<group>";
		};
/* End PBXGroup section */

/* Begin PBXNativeTarget section */
		C6B5DFA11A31A89A00A3A9ED /* Podtique */ = {
			isa = PBXNativeTarget;
			buildConfigurationList = C6B5DFC21A31A89A00A3A9ED /* Build configuration list for PBXNativeTarget "Podtique" */;
			buildPhases = (
				C6B5DF9E1A31A89A00A3A9ED /* Sources */,
				C6B5DF9F1A31A89A00A3A9ED /* Frameworks */,
				C6B5DFA01A31A89A00A3A9ED /* Resources */,
			);
			buildRules = (
			);
			dependencies = (
			);
			name = Podtique;
			productName = Podtique;
			productReference = C6B5DFA21A31A89A00A3A9ED /* Podtique.app */;
			productType = "com.apple.product-type.application";
		};
		C6B5DFB71A31A89A00A3A9ED /* PodtiqueTests */ = {
			isa = PBXNativeTarget;
			buildConfigurationList = C6B5DFC51A31A89A00A3A9ED /* Build configuration list for PBXNativeTarget "PodtiqueTests" */;
			buildPhases = (
				C6B5DFB41A31A89A00A3A9ED /* Sources */,
				C6B5DFB51A31A89A00A3A9ED /* Frameworks */,
				C6B5DFB61A31A89A00A3A9ED /* Resources */,
			);
			buildRules = (
			);
			dependencies = (
				C6B5DFBA1A31A89A00A3A9ED /* PBXTargetDependency */,
			);
			name = PodtiqueTests;
			productName = PodtiqueTests;
			productReference = C6B5DFB81A31A89A00A3A9ED /* PodtiqueTests.xctest */;
			productType = "com.apple.product-type.bundle.unit-test";
		};
/* End PBXNativeTarget section */

/* Begin PBXProject section */
		C6B5DF9A1A31A89A00A3A9ED /* Project object */ = {
			isa = PBXProject;
			attributes = {
				LastUpgradeCheck = 0610;
				ORGANIZATIONNAME = "Latency: Zero";
				TargetAttributes = {
					C6B5DFA11A31A89A00A3A9ED = {
						CreatedOnToolsVersion = 6.1.1;
					};
					C6B5DFB71A31A89A00A3A9ED = {
						CreatedOnToolsVersion = 6.1.1;
						TestTargetID = C6B5DFA11A31A89A00A3A9ED;
					};
				};
			};
			buildConfigurationList = C6B5DF9D1A31A89A00A3A9ED /* Build configuration list for PBXProject "Podtique" */;
			compatibilityVersion = "Xcode 3.2";
			developmentRegion = English;
			hasScannedForEncodings = 0;
			knownRegions = (
				en,
				Base,
			);
			mainGroup = C6B5DF991A31A89A00A3A9ED;
			productRefGroup = C6B5DFA31A31A89A00A3A9ED /* Products */;
			projectDirPath = "";
			projectRoot = "";
			targets = (
				C6B5DFA11A31A89A00A3A9ED /* Podtique */,
				C6B5DFB71A31A89A00A3A9ED /* PodtiqueTests */,
			);
		};
/* End PBXProject section */

/* Begin PBXResourcesBuildPhase section */
		C6B5DFA01A31A89A00A3A9ED /* Resources */ = {
			isa = PBXResourcesBuildPhase;
			buildActionMask = 2147483647;
			files = (
				C6B5DFB01A31A89A00A3A9ED /* Images.xcassets in Resources */,
				C6B5DFB31A31A89A00A3A9ED /* Main.storyboard in Resources */,
				C61BC6251BD0F921007AA330 /* mp4ff.vcproj in Resources */,
			);
			runOnlyForDeploymentPostprocessing = 0;
		};
		C6B5DFB61A31A89A00A3A9ED /* Resources */ = {
			isa = PBXResourcesBuildPhase;
			buildActionMask = 2147483647;
			files = (
			);
			runOnlyForDeploymentPostprocessing = 0;
		};
/* End PBXResourcesBuildPhase section */

/* Begin PBXSourcesBuildPhase section */
		C6B5DF9E1A31A89A00A3A9ED /* Sources */ = {
			isa = PBXSourcesBuildPhase;
			buildActionMask = 2147483647;
			files = (
				C61BC5EF1BCF95DB007AA330 /* sbr_fbt.c in Sources */,
				C61BC5CE1BCF95DB007AA330 /* mp4.c in Sources */,
				C6200C811A501C8300FB48AD /* GPIO.cpp in Sources */,
				C61BC5B61BCF95DA007AA330 /* huffman.c in Sources */,
				C61BC5FB1BCF95DB007AA330 /* sbr_qmf.c in Sources */,
				C61BC5D71BCF95DB007AA330 /* pns.c in Sources */,
				C61BC5DA1BCF95DB007AA330 /* ps_dec.c in Sources */,
				C61BC59B1BCF95DA007AA330 /* bits.c in Sources */,
				C61BC5F81BCF95DB007AA330 /* sbr_huff.c in Sources */,
				C61BC5B91BCF95DA007AA330 /* ic_predict.c in Sources */,
				C61BC6071BCF95DB007AA330 /* ssr.c in Sources */,
				C61BC5DD1BCF95DB007AA330 /* ps_syntax.c in Sources */,
				C61BC5AA1BCF95DA007AA330 /* drm_dec.c in Sources */,
				C6B5DFAE1A31A89A00A3A9ED /* ViewController.mm in Sources */,
				C6F066781AAFF00C00EDC3E9 /* DBUS.cpp in Sources */,
				C61BC5BC1BCF95DA007AA330 /* is.c in Sources */,
				C61C5F091BCF35CF008BE1F8 /* Decoder.cpp in Sources */,
				C61BC6271BD0F921007AA330 /* mp4sample.c in Sources */,
				C6200C7D1A4FF99400FB48AD /* Semaphore.cpp in Sources */,
				C61BC5A11BCF95DA007AA330 /* common.c in Sources */,
				C61BC5E01BCF95DB007AA330 /* pulse.c in Sources */,
				C61BC5C51BCF95DB007AA330 /* lt_predict.c in Sources */,
				C6B5DFE91A33B0EC00A3A9ED /* Spectrum.cpp in Sources */,
				C61BC6101BCF95DB007AA330 /* syntax.c in Sources */,
				C6B5DFEC1A34E9AF00A3A9ED /* AudioDevice.cpp in Sources */,
				C61BC6261BD0F921007AA330 /* mp4meta.c in Sources */,
				C618FFAB1A43989E00A66EE6 /* BandPassFilter.cpp in Sources */,
				C61BC5A41BCF95DA007AA330 /* decoder.c in Sources */,
				C61BC5D11BCF95DB007AA330 /* ms.c in Sources */,
				C61BC6241BD0F921007AA330 /* mp4ff.c in Sources */,
				C61BC5FE1BCF95DB007AA330 /* sbr_syntax.c in Sources */,
				C61BC5B01BCF95DA007AA330 /* filtbank.c in Sources */,
				C61BC5A71BCF95DA007AA330 /* drc.c in Sources */,
				C6F0667B1AB03E5000EDC3E9 /* DBusMessage.cpp in Sources */,
				C61BC5F51BCF95DB007AA330 /* sbr_hfgen.c in Sources */,
				C6B5DFD91A31A8D500A3A9ED /* MP3Decoder.cpp in Sources */,
				C61BC6041BCF95DB007AA330 /* specrec.c in Sources */,
				C6B5DFAB1A31A89A00A3A9ED /* main.m in Sources */,
				C61BC6131BCF95DB007AA330 /* tns.c in Sources */,
				C61BC59E1BCF95DA007AA330 /* cfft.c in Sources */,
				C61BC5D41BCF95DB007AA330 /* output.c in Sources */,
				C61BC5E31BCF95DB007AA330 /* rvlc.c in Sources */,
				C61BC6281BD0F921007AA330 /* mp4tagupdate.c in Sources */,
				C61BC5E61BCF95DB007AA330 /* sbr_dct.c in Sources */,
				C61BC5AD1BCF95DA007AA330 /* error.c in Sources */,
				C6B5DFA91A31A89A00A3A9ED /* AppDelegate.mm in Sources */,
				C61BC6011BCF95DB007AA330 /* sbr_tf_grid.c in Sources */,
				C61BC6231BD0F921007AA330 /* mp4atom.c in Sources */,
				C61BC5F21BCF95DB007AA330 /* sbr_hfadj.c in Sources */,
				C6EDA8AD1CB1C5810051623C /* AACDecoder.cpp in Sources */,
				C61BC5B31BCF95DA007AA330 /* hcr.c in Sources */,
				C61BC6291BD0F921007AA330 /* mp4util.c in Sources */,
				C6B5DFDA1A31A8D500A3A9ED /* Radio.cpp in Sources */,
				C61BC5EC1BCF95DB007AA330 /* sbr_e_nf.c in Sources */,
				C6B5DFDD1A31A8D500A3A9ED /* SoundPlayer.cpp in Sources */,
				C69796481B804A430024511B /* RadioDBUS.cpp in Sources */,
				C61BC60A1BCF95DB007AA330 /* ssr_fb.c in Sources */,
				C6B5DFF01A35AD8200A3A9ED /* SndFile.cpp in Sources */,
				C61BC5E91BCF95DB007AA330 /* sbr_dec.c in Sources */,
				C61BC60D1BCF95DB007AA330 /* ssr_ipqf.c in Sources */,
				C61BC5CB1BCF95DB007AA330 /* mdct.c in Sources */,
			);
			runOnlyForDeploymentPostprocessing = 0;
		};
		C6B5DFB41A31A89A00A3A9ED /* Sources */ = {
			isa = PBXSourcesBuildPhase;
			buildActionMask = 2147483647;
			files = (
				C6B5DFBF1A31A89A00A3A9ED /* PodtiqueTests.m in Sources */,
			);
			runOnlyForDeploymentPostprocessing = 0;
		};
/* End PBXSourcesBuildPhase section */

/* Begin PBXTargetDependency section */
		C6B5DFBA1A31A89A00A3A9ED /* PBXTargetDependency */ = {
			isa = PBXTargetDependency;
			target = C6B5DFA11A31A89A00A3A9ED /* Podtique */;
			targetProxy = C6B5DFB91A31A89A00A3A9ED /* PBXContainerItemProxy */;
		};
/* End PBXTargetDependency section */

/* Begin PBXVariantGroup section */
		C6B5DFB11A31A89A00A3A9ED /* Main.storyboard */ = {
			isa = PBXVariantGroup;
			children = (
				C6B5DFB21A31A89A00A3A9ED /* Base */,
			);
			name = Main.storyboard;
			sourceTree = "<group>";
		};
/* End PBXVariantGroup section */

/* Begin XCBuildConfiguration section */
		C6B5DFC01A31A89A00A3A9ED /* Debug */ = {
			isa = XCBuildConfiguration;
			buildSettings = {
				ALWAYS_SEARCH_USER_PATHS = NO;
				CLANG_CXX_LANGUAGE_STANDARD = "gnu++0x";
				CLANG_CXX_LIBRARY = "libc++";
				CLANG_ENABLE_MODULES = YES;
				CLANG_ENABLE_OBJC_ARC = YES;
				CLANG_WARN_BOOL_CONVERSION = YES;
				CLANG_WARN_CONSTANT_CONVERSION = YES;
				CLANG_WARN_DIRECT_OBJC_ISA_USAGE = YES_ERROR;
				CLANG_WARN_EMPTY_BODY = YES;
				CLANG_WARN_ENUM_CONVERSION = YES;
				CLANG_WARN_INT_CONVERSION = YES;
				CLANG_WARN_OBJC_ROOT_CLASS = YES_ERROR;
				CLANG_WARN_UNREACHABLE_CODE = YES;
				CLANG_WARN__DUPLICATE_METHOD_MATCH = YES;
				CODE_SIGN_IDENTITY = "-";
				COPY_PHASE_STRIP = NO;
				ENABLE_STRICT_OBJC_MSGSEND = YES;
				GCC_C_LANGUAGE_STANDARD = gnu99;
				GCC_DYNAMIC_NO_PIC = NO;
				GCC_OPTIMIZATION_LEVEL = 0;
				GCC_PREPROCESSOR_DEFINITIONS = (
					"DEBUG=1",
					"$(inherited)",
				);
				GCC_SYMBOLS_PRIVATE_EXTERN = NO;
				GCC_WARN_64_TO_32_BIT_CONVERSION = YES;
				GCC_WARN_ABOUT_RETURN_TYPE = YES_ERROR;
				GCC_WARN_UNDECLARED_SELECTOR = YES;
				GCC_WARN_UNINITIALIZED_AUTOS = YES_AGGRESSIVE;
				GCC_WARN_UNUSED_FUNCTION = YES;
				GCC_WARN_UNUSED_VARIABLE = YES;
				MACOSX_DEPLOYMENT_TARGET = 10.10;
				MTL_ENABLE_DEBUG_INFO = YES;
				ONLY_ACTIVE_ARCH = YES;
				SDKROOT = macosx;
			};
			name = Debug;
		};
		C6B5DFC11A31A89A00A3A9ED /* Release */ = {
			isa = XCBuildConfiguration;
			buildSettings = {
				ALWAYS_SEARCH_USER_PATHS = NO;
				CLANG_CXX_LANGUAGE_STANDARD = "gnu++0x";
				CLANG_CXX_LIBRARY = "libc++";
				CLANG_ENABLE_MODULES = YES;
				CLANG_ENABLE_OBJC_ARC = YES;
				CLANG_WARN_BOOL_CONVERSION = YES;
				CLANG_WARN_CONSTANT_CONVERSION = YES;
				CLANG_WARN_DIRECT_OBJC_ISA_USAGE = YES_ERROR;
				CLANG_WARN_EMPTY_BODY = YES;
				CLANG_WARN_ENUM_CONVERSION = YES;
				CLANG_WARN_INT_CONVERSION = YES;
				CLANG_WARN_OBJC_ROOT_CLASS = YES_ERROR;
				CLANG_WARN_UNREACHABLE_CODE = YES;
				CLANG_WARN__DUPLICATE_METHOD_MATCH = YES;
				CODE_SIGN_IDENTITY = "-";
				COPY_PHASE_STRIP = YES;
				DEBUG_INFORMATION_FORMAT = "dwarf-with-dsym";
				ENABLE_NS_ASSERTIONS = NO;
				ENABLE_STRICT_OBJC_MSGSEND = YES;
				GCC_C_LANGUAGE_STANDARD = gnu99;
				GCC_WARN_64_TO_32_BIT_CONVERSION = YES;
				GCC_WARN_ABOUT_RETURN_TYPE = YES_ERROR;
				GCC_WARN_UNDECLARED_SELECTOR = YES;
				GCC_WARN_UNINITIALIZED_AUTOS = YES_AGGRESSIVE;
				GCC_WARN_UNUSED_FUNCTION = YES;
				GCC_WARN_UNUSED_VARIABLE = YES;
				MACOSX_DEPLOYMENT_TARGET = 10.10;
				MTL_ENABLE_DEBUG_INFO = NO;
				SDKROOT = macosx;
			};
			name = Release;
		};
		C6B5DFC31A31A89A00A3A9ED /* Debug */ = {
			isa = XCBuildConfiguration;
			buildSettings = {
				ASSETCATALOG_COMPILER_APPICON_NAME = AppIcon;
				COMBINE_HIDPI_IMAGES = YES;
				GCC_PREFIX_HEADER = Prefix.h;
				GCC_WARN_SIGN_COMPARE = YES;
				HEADER_SEARCH_PATHS = (
					"$(inherited)",
					/Applications/Xcode.app/Contents/Developer/Toolchains/XcodeDefault.xctoolchain/usr/include,
					/usr/local/include,
					"/usr/local/include/dbus-1.0",
					"/usr/local/lib/dbus-1.0/include",
					"/Users/rmann/Downloads/faad2-2.7/libfaad",
				);
				INFOPLIST_FILE = Podtique/Info.plist;
				LD_RUNPATH_SEARCH_PATHS = "$(inherited) @executable_path/../Frameworks";
				LIBRARY_SEARCH_PATHS = (
					"$(inherited)",
					/usr/local/lib,
					/usr/local/Cellar/libsndfile/1.0.25/lib,
					"/usr/local/Cellar/d-bus/1.8.14/lib",
					/usr/local/Cellar/faad2/2.7/lib,
					/usr/local/Cellar/libao/1.2.0/lib,
					/usr/local/Cellar/mpg123/1.20.1/lib,
				);
				PRODUCT_NAME = "$(TARGET_NAME)";
			};
			name = Debug;
		};
		C6B5DFC41A31A89A00A3A9ED /* Release */ = {
			isa = XCBuildConfiguration;
			buildSettings = {
				ASSETCATALOG_COMPILER_APPICON_NAME = AppIcon;
				COMBINE_HIDPI_IMAGES = YES;
				GCC_PREFIX_HEADER = Prefix.h;
				GCC_WARN_SIGN_COMPARE = YES;
				HEADER_SEARCH_PATHS = (
					"$(inherited)",
					/Applications/Xcode.app/Contents/Developer/Toolchains/XcodeDefault.xctoolchain/usr/include,
					/usr/local/include,
					"/usr/local/include/dbus-1.0",
					"/usr/local/lib/dbus-1.0/include",
					"/Users/rmann/Downloads/faad2-2.7/libfaad",
				);
				INFOPLIST_FILE = Podtique/Info.plist;
				LD_RUNPATH_SEARCH_PATHS = "$(inherited) @executable_path/../Frameworks";
				LIBRARY_SEARCH_PATHS = (
					"$(inherited)",
					/usr/local/lib,
					/usr/local/Cellar/libsndfile/1.0.25/lib,
					"/usr/local/Cellar/d-bus/1.8.14/lib",
					/usr/local/Cellar/faad2/2.7/lib,
					/usr/local/Cellar/libao/1.2.0/lib,
					/usr/local/Cellar/mpg123/1.20.1/lib,
				);
				PRODUCT_NAME = "$(TARGET_NAME)";
			};
			name = Release;
		};
		C6B5DFC61A31A89A00A3A9ED /* Debug */ = {
			isa = XCBuildConfiguration;
			buildSettings = {
				BUNDLE_LOADER = "$(TEST_HOST)";
				COMBINE_HIDPI_IMAGES = YES;
				FRAMEWORK_SEARCH_PATHS = (
					"$(DEVELOPER_FRAMEWORKS_DIR)",
					"$(inherited)",
				);
				GCC_PREPROCESSOR_DEFINITIONS = (
					"DEBUG=1",
					"$(inherited)",
				);
				INFOPLIST_FILE = PodtiqueTests/Info.plist;
				LD_RUNPATH_SEARCH_PATHS = "$(inherited) @executable_path/../Frameworks @loader_path/../Frameworks";
				PRODUCT_NAME = "$(TARGET_NAME)";
				TEST_HOST = "$(BUILT_PRODUCTS_DIR)/Podtique.app/Contents/MacOS/Podtique";
			};
			name = Debug;
		};
		C6B5DFC71A31A89A00A3A9ED /* Release */ = {
			isa = XCBuildConfiguration;
			buildSettings = {
				BUNDLE_LOADER = "$(TEST_HOST)";
				COMBINE_HIDPI_IMAGES = YES;
				FRAMEWORK_SEARCH_PATHS = (
					"$(DEVELOPER_FRAMEWORKS_DIR)",
					"$(inherited)",
				);
				INFOPLIST_FILE = PodtiqueTests/Info.plist;
				LD_RUNPATH_SEARCH_PATHS = "$(inherited) @executable_path/../Frameworks @loader_path/../Frameworks";
				PRODUCT_NAME = "$(TARGET_NAME)";
				TEST_HOST = "$(BUILT_PRODUCTS_DIR)/Podtique.app/Contents/MacOS/Podtique";
			};
			name = Release;
		};
/* End XCBuildConfiguration section */

/* Begin XCConfigurationList section */
		C6B5DF9D1A31A89A00A3A9ED /* Build configuration list for PBXProject "Podtique" */ = {
			isa = XCConfigurationList;
			buildConfigurations = (
				C6B5DFC01A31A89A00A3A9ED /* Debug */,
				C6B5DFC11A31A89A00A3A9ED /* Release */,
			);
			defaultConfigurationIsVisible = 0;
			defaultConfigurationName = Release;
		};
		C6B5DFC21A31A89A00A3A9ED /* Build configuration list for PBXNativeTarget "Podtique" */ = {
			isa = XCConfigurationList;
			buildConfigurations = (
				C6B5DFC31A31A89A00A3A9ED /* Debug */,
				C6B5DFC41A31A89A00A3A9ED /* Release */,
			);
			defaultConfigurationIsVisible = 0;
			defaultConfigurationName = Release;
		};
		C6B5DFC51A31A89A00A3A9ED /* Build configuration list for PBXNativeTarget "PodtiqueTests" */ = {
			isa = XCConfigurationList;
			buildConfigurations = (
				C6B5DFC61A31A89A00A3A9ED /* Debug */,
				C6B5DFC71A31A89A00A3A9ED /* Release */,
			);
			defaultConfigurationIsVisible = 0;
			defaultConfigurationName = Release;
		};
/* End XCConfigurationList section */
	};
	rootObject = C6B5DF9A1A31A89A00A3A9ED /* Project object */;
}
